{
  "name": "sample",
  "version": "0.0.0",
  "lockfileVersion": 1,
  "requires": true,
  "dependencies": {
    "@angular/animations": {
      "version": "10.1.5",
      "resolved": "https://registry.npmjs.org/@angular/animations/-/animations-10.1.5.tgz",
      "integrity": "sha512-RbUIluxgE5pSWWdODlcEAQuRqc/D1A2v275zBsMFjwJg3/cZl/z+RWcFJedHpJHEtbz7Aay1UWHu9jhXfA8elg==",
      "requires": {
        "tslib": "^2.0.0"
      }
    },
    "@angular/cdk": {
      "version": "10.2.4",
      "resolved": "https://registry.npmjs.org/@angular/cdk/-/cdk-10.2.4.tgz",
      "integrity": "sha512-Ccm/iRb6zELWwMem6qTnFCalMVX/aS17hhN65efpNKrH3ovhyQSPWtF4p9IaEJ3rZpfXqXMPBneJ9ZXAA/iKog==",
      "requires": {
        "parse5": "^5.0.0",
        "tslib": "^2.0.0"
      }
    },
    "@angular/forms": {
      "version": "10.1.5",
      "resolved": "https://registry.npmjs.org/@angular/forms/-/forms-10.1.5.tgz",
      "integrity": "sha512-fkXKCwXL0XeFMUkmzJpm+FHYrv1CCfFGxYEBQ/bzfd3Op+dFJqEPiOwK3wG943Y09THday6H509RwwEIyF/4yw==",
      "requires": {
        "tslib": "^2.0.0"
      }
    },
    "@angular/material": {
      "version": "10.2.4",
      "resolved": "https://registry.npmjs.org/@angular/material/-/material-10.2.4.tgz",
      "integrity": "sha512-m5pRzCZQlpb7BZrc+LV+eeMU9M76obWVbNy8or6gvBPa6awfbwOz8uBryIvVngdkhoIieqAu1iV4bG7b7Xp3sg==",
      "requires": {
        "tslib": "^2.0.0"
      }
    },
    "@angular/platform-browser": {
      "version": "10.1.5",
      "resolved": "https://registry.npmjs.org/@angular/platform-browser/-/platform-browser-10.1.5.tgz",
      "integrity": "sha512-qMAoPHt6dgXMtieI4zx/s5yX7FFRRUDp1R4GMBCZHPN3p66WdEVxBJo4p5RWhZJioXpUwKz8Xvc+Rrh7r0KDBA==",
      "requires": {
        "tslib": "^2.0.0"
      }
    },
    "@angular/platform-browser-dynamic": {
      "version": "10.1.5",
      "resolved": "https://registry.npmjs.org/@angular/platform-browser-dynamic/-/platform-browser-dynamic-10.1.5.tgz",
      "integrity": "sha512-wxHm1UFCtB+oU+IJ6pACGmjO9H8KVzJOLYL5hp2w0k8s7k7Zg73f6BdRgWWEEYv6uYIfF77qtKwgbH0X5H9S+w==",
      "requires": {
        "tslib": "^2.0.0"
      }
    },
    "@azure/msal-browser": {
      "version": "2.4.1",
      "resolved": "https://registry.npmjs.org/@azure/msal-browser/-/msal-browser-2.4.1.tgz",
      "integrity": "sha512-qvvi7uPuXHY/k7PNE/MCdyknX/TIDUbEr/YCFXzArT2UeQ72iTk2auzWEaTlYPhAdtrUUgpSAl4lLziy39GNWA==",
      "requires": {
        "@azure/msal-common": "^1.6.3"
      }
    },
    "@azure/msal-common": {
      "version": "1.6.3",
      "resolved": "https://registry.npmjs.org/@azure/msal-common/-/msal-common-1.6.3.tgz",
      "integrity": "sha512-sZQ8gXavWEX7q0aHS8wNdcDWpbVnfLU4mMcX2E9JRHjn7nKACSEmiYNog2y/8vu7cMMV5RWWttF/oFQmeiIgyg==",
      "requires": {
        "debug": "^4.1.1"
      }
    },
    "@whiteduck/msalb2c-angular": {
      "version": "0.1.0",
      "resolved": "https://registry.npmjs.org/@whiteduck/msalb2c-angular/-/msalb2c-angular-0.1.0.tgz",
      "integrity": "sha512-KOWWj8z37p1cXhFd6hU9V86s8PJ/NNRA3T5z1YsQqGZrpuanwMDWqSqyVedrXAFSnsvrDGWkBVh8RgmzQGx3ew==",
      "requires": {
        "@azure/msal-browser": "^2.4.1",
        "minimatch": "^3.0.4",
        "path": "^0.12.7",
        "tslib": "^2.0.0"
      }
    },
    "balanced-match": {
      "version": "1.0.0",
      "resolved": "https://registry.npmjs.org/balanced-match/-/balanced-match-1.0.0.tgz",
      "integrity": "sha1-ibTRmasr7kneFk6gK4nORi1xt2c="
    },
    "brace-expansion": {
      "version": "1.1.11",
      "resolved": "https://registry.npmjs.org/brace-expansion/-/brace-expansion-1.1.11.tgz",
      "integrity": "sha512-iCuPHDFgrHX7H2vEI/5xpz07zSHB00TpugqhmYtVmMO6518mCuRMoOYFldEBl0g187ufozdaHgWKcYFb61qGiA==",
      "requires": {
        "balanced-match": "^1.0.0",
        "concat-map": "0.0.1"
      }
    },
    "concat-map": {
      "version": "0.0.1",
      "resolved": "https://registry.npmjs.org/concat-map/-/concat-map-0.0.1.tgz",
      "integrity": "sha1-2Klr13/Wjfd5OnMDajug1UBdR3s="
    },
    "debug": {
      "version": "4.2.0",
      "resolved": "https://registry.npmjs.org/debug/-/debug-4.2.0.tgz",
      "integrity": "sha512-IX2ncY78vDTjZMFUdmsvIRFY2Cf4FnD0wRs+nQwJU8Lu99/tPFdb0VybiiMTPe3I6rQmwsqQqRBvxU+bZ/I8sg==",
      "requires": {
        "ms": "2.1.2"
      }
    },
    "inherits": {
      "version": "2.0.3",
      "resolved": "https://registry.npmjs.org/inherits/-/inherits-2.0.3.tgz",
      "integrity": "sha1-Yzwsg+PaQqUC9SRmAiSA9CCCYd4="
    },
    "minimatch": {
      "version": "3.0.4",
      "resolved": "https://registry.npmjs.org/minimatch/-/minimatch-3.0.4.tgz",
      "integrity": "sha512-yJHVQEhyqPLUTgt9B83PXu6W3rx4MvvHvSUvToogpwoGDOUQ+yDrR0HRot+yOCdCO7u4hX3pWft6kWBBcqh0UA==",
      "requires": {
        "brace-expansion": "^1.1.7"
      }
    },
    "ms": {
      "version": "2.1.2",
      "resolved": "https://registry.npmjs.org/ms/-/ms-2.1.2.tgz",
      "integrity": "sha512-sGkPx+VjMtmA6MX27oA4FBFELFCZZ4S4XqeGOXCv68tT+jb3vk/RyaKWP0PTKyWtmLSM0b+adUTEvbs1PEaH2w=="
    },
    "parse5": {
      "version": "5.1.1",
      "resolved": "https://registry.npmjs.org/parse5/-/parse5-5.1.1.tgz",
      "integrity": "sha512-ugq4DFI0Ptb+WWjAdOK16+u/nHfiIrcE+sh8kZMaM0WllQKLI9rOUq6c2b7cwPkXdzfQESqvoqK6ug7U/Yyzug==",
      "optional": true
    },
    "path": {
      "version": "0.12.7",
      "resolved": "https://registry.npmjs.org/path/-/path-0.12.7.tgz",
      "integrity": "sha1-1NwqUGxM4hl+tIHr/NWzbAFAsQ8=",
      "requires": {
        "process": "^0.11.1",
        "util": "^0.10.3"
      }
    },
    "process": {
      "version": "0.11.10",
      "resolved": "https://registry.npmjs.org/process/-/process-0.11.10.tgz",
      "integrity": "sha1-czIwDoQBYb2j5podHZGn1LwW8YI="
    },
    "tslib": {
      "version": "2.0.3",
      "resolved": "https://registry.npmjs.org/tslib/-/tslib-2.0.3.tgz",
      "integrity": "sha512-uZtkfKblCEQtZKBF6EBXVZeQNl82yqtDQdv+eck8u7tdPxjLu2/lp5/uPW+um2tpuxINHWy3GhiccY7QgEaVHQ=="
    },
    "util": {
      "version": "0.10.4",
      "resolved": "https://registry.npmjs.org/util/-/util-0.10.4.tgz",
      "integrity": "sha512-0Pm9hTQ3se5ll1XihRic3FDIku70C+iHUdT/W926rSgHV5QgXsYbKZN8MSC3tJtSkhuROzvsQjAaFENRXr+19A==",
      "requires": {
        "inherits": "2.0.3"
      }
    },
    "zone.js": {
      "version": "0.11.1",
      "resolved": "https://registry.npmjs.org/zone.js/-/zone.js-0.11.1.tgz",
      "integrity": "sha512-KcZawpmVgS+3U2rzKTM6fLKaCX1QDv3//NxiSOOsqpQY/r5hl+xpYikPwY93Sp7CAB+J5mZJpb/YubxEYLGK5g==",
      "requires": {
        "tslib": "^2.0.0"
      }
    }
  }
}
